
Microsoft Visual Studio Solution File, Format Version 12.00
# Visual Studio Version 16
VisualStudioVersion = 16.0.31515.178
MinimumVisualStudioVersion = 10.0.40219.1
Project("{FAE04EC0-301F-11D3-BF4B-00C04F79EFBC}") = "Student", "Student.csproj", "{70907DA7-3B03-4ADC-BF6D-ADDFD02F4402}"
EndProject
Global
	GlobalSection(SolutionConfigurationPlatforms) = preSolution
		Debug|Any CPU = Debug|Any CPU
		Release|Any CPU = Release|Any CPU
	EndGlobalSection
	GlobalSection(ProjectConfigurationPlatforms) = postSolution
		{70907DA7-3B03-4ADC-BF6D-ADDFD02F4402}.Debug|Any CPU.ActiveCfg = Debug|Any CPU
		{70907DA7-3B03-4ADC-BF6D-ADDFD02F4402}.Debug|Any CPU.Build.0 = Debug|Any CPU
		{70907DA7-3B03-4ADC-BF6D-ADDFD02F4402}.Release|Any CPU.ActiveCfg = Release|Any CPU
		{70907DA7-3B03-4ADC-BF6D-ADDFD02F4402}.Release|Any CPU.Build.0 = Release|Any CPU
	EndGlobalSection
	GlobalSection(SolutionProperties) = preSolution
		HideSolutionNode = FALSE
	EndGlobalSection
	GlobalSection(ExtensibilityGlobals) = postSolution
		SolutionGuid = {A43083AC-E4DE-41A5-8058-A41109283ECA}
	EndGlobalSection
EndGlobal
